
Microsoft Visual Studio Solution File, Format Version 12.00
# Visual Studio Version 16
VisualStudioVersion = 16.0.30517.126
MinimumVisualStudioVersion = 10.0.40219.1
Project("{FAE04EC0-301F-11D3-BF4B-00C04F79EFBC}") = "ImageProcessing", "ImageProcessing.csproj", "{B310B481-C90B-42B2-9EF3-67D69E9775B2}"
EndProject
Global
	GlobalSection(SolutionConfigurationPlatforms) = preSolution
		Debug|Any CPU = Debug|Any CPU
		Release|Any CPU = Release|Any CPU
	EndGlobalSection
	GlobalSection(ProjectConfigurationPlatforms) = postSolution
		{B310B481-C90B-42B2-9EF3-67D69E9775B2}.Debug|Any CPU.ActiveCfg = Debug|Any CPU
		{B310B481-C90B-42B2-9EF3-67D69E9775B2}.Debug|Any CPU.Build.0 = Debug|Any CPU
		{B310B481-C90B-42B2-9EF3-67D69E9775B2}.Release|Any CPU.ActiveCfg = Release|Any CPU
		{B310B481-C90B-42B2-9EF3-67D69E9775B2}.Release|Any CPU.Build.0 = Release|Any CPU
	EndGlobalSection
	GlobalSection(SolutionProperties) = preSolution
		HideSolutionNode = FALSE
	EndGlobalSection
	GlobalSection(ExtensibilityGlobals) = postSolution
		SolutionGuid = {F2348186-791E-46DE-A584-01ECDFEF2BCF}
	EndGlobalSection
EndGlobal
